github.com/go-gl/gl v0.0.0-20210315015930-ae072cafe09d h1:o81yRlBATU4PRn97lydmsq8hTRNXI4wlR/VvUQhFRVY=
github.com/go-gl/gl v0.0.0-20210315015930-ae072cafe09d/go.mod h1:482civXOzJJCPzJ4ZOX/pwvXBWSnzD4OKMdH4ClKGbk=
github.com/go-gl/glfw/v3.3/glfw v0.0.0-20210410170116-ea3d685f79fb h1:T6gaWBvRzJjuOrdCtg8fXXjKai2xSDqWTcKFUPuw8Tw=
github.com/go-gl/glfw/v3.3/glfw v0.0.0-20210410170116-ea3d685f79fb/go.mod h1:tQ2UAYgL5IevRw8kRxooKSPJfGvJ9fJQFa0TUsXzTg8=
