github.com/danfragoso/thdwb/assets v0.0.0-20210411220950-eaec6f13eccb h1:zvcBYznKSM9vrRKzNDEFE3VYQRNywIg/emMqqn6r5Iw=
github.com/danfragoso/thdwb/assets v0.0.0-20210411220950-eaec6f13eccb/go.mod h1:m5xMTMf9giivgMuX2BugZxtmBrR6i6VvWM/gTfQZA6U=
github.com/danfragoso/thdwb/bun v0.0.0-20210411220950-eaec6f13eccb h1:Nl2ROh2FNOYQL0DjtajKvjgpnCWnduuAHaLt5qe0xVM=
github.com/danfragoso/thdwb/bun v0.0.0-20210411220950-eaec6f13eccb/go.mod h1:PZtfhGr0JOIXWYQgVeH+ZhKXudEx5jHiDcE6h8J8zeg=
github.com/danfragoso/thdwb/gg v0.0.0-20210411220950-eaec6f13eccb h1:sTwv32q4lg/Oj+e6YdhlSj54ZUSkoZ/7h4eN8U2RLqc=
github.com/danfragoso/thdwb/gg v0.0.0-20210411220950-eaec6f13eccb/go.mod h1:v2nmvay4XFmMFWYPpbuCE8WtWPBZUq5N87a4d71PEpE=
github.com/danfragoso/thdwb/hotdog v0.0.0-20210411220950-eaec6f13eccb h1:w10vlheWCfRs4c9RcrB5Opa3imhrW5yKDuiXAxPv/+8=
github.com/danfragoso/thdwb/hotdog v0.0.0-20210411220950-eaec6f13eccb/go.mod h1:tv5W3TNlZ0CYDLlFA0gtGhoF3GwftXDs4cxZD+6NAx4=
github.com/danfragoso/thdwb/ketchup v0.0.0-20210411220950-eaec6f13eccb h1:q+L7fnORWlD+QqS0QB4L7xdbdaVvqJVw3T6nBN2zY5Q=
github.com/danfragoso/thdwb/ketchup v0.0.0-20210411220950-eaec6f13eccb/go.mod h1:0IqGivQeXd2mugbkObz0PRy7raF1oSUadqfmFeOeRL0=
github.com/danfragoso/thdwb/mayo v0.0.0-20210411220950-eaec6f13eccb h1:oOl8z3739UOQvYk8Q/sK3LxkIjszAvIPdbV472k0rhY=
github.com/danfragoso/thdwb/mayo v0.0.0-20210411220950-eaec6f13eccb/go.mod h1:UIm6wpmKQTSkly6HUqMFCFZt0i7k86Jhu3BK1ucbnQg=
github.com/danfragoso/thdwb/mustard v0.0.0-20210411220950-eaec6f13eccb h1:twpzlyxXMdiZsdIhRj/Xwl1e4XMQLlig60X5LESWjh8=
github.com/danfragoso/thdwb/mustard v0.0.0-20210411220950-eaec6f13eccb/go.mod h1:41CSte9hkX9mY5MbI/z9zC1FkR6zq67xhmaY5/vq5FU=
github.com/danfragoso/thdwb/pages v0.0.0-20210411220950-eaec6f13eccb h1:1Kgy1uukpfer6Vbg2SemeSMxidxEDm0crrEzRJbdOkc=
github.com/danfragoso/thdwb/pages v0.0.0-20210411220950-eaec6f13eccb/go.mod h1:2FjK7SNIT50OXq6hs4Zy+tweI/sWguPqbm8BTIUax58=
github.com/danfragoso/thdwb/profiler v0.0.0-20210411220950-eaec6f13eccb h1:N6FUjzUmxrhjh0KY9uPolWXqI1iujq8gzeknLeLcZEA=
github.com/danfragoso/thdwb/profiler v0.0.0-20210411220950-eaec6f13eccb/go.mod h1:KVziougIc5PXbPgIQIG+fDYRUvx15n7vNzLhy8MDq8A=
github.com/danfragoso/thdwb/sauce v0.0.0-20210411220950-eaec6f13eccb h1:boA/1tDy2Oy0vmuTm0SxNKBxElXtj1LeQeNOXyG1cjo=
github.com/danfragoso/thdwb/sauce v0.0.0-20210411220950-eaec6f13eccb/go.mod h1:rFNrwGTVbfLtJ6/sprxi8rO/+p70dlmkqsNjvd3PiLI=
github.com/go-gl/gl v0.0.0-20210315015930-ae072cafe09d h1:o81yRlBATU4PRn97lydmsq8hTRNXI4wlR/VvUQhFRVY=
github.com/go-gl/gl v0.0.0-20210315015930-ae072cafe09d/go.mod h1:482civXOzJJCPzJ4ZOX/pwvXBWSnzD4OKMdH4ClKGbk=
github.com/go-gl/glfw/v3.3/glfw v0.0.0-20210410170116-ea3d685f79fb h1:T6gaWBvRzJjuOrdCtg8fXXjKai2xSDqWTcKFUPuw8Tw=
github.com/go-gl/glfw/v3.3/glfw v0.0.0-20210410170116-ea3d685f79fb/go.mod h1:tQ2UAYgL5IevRw8kRxooKSPJfGvJ9fJQFa0TUsXzTg8=
github.com/goki/freetype v0.0.0-20181231101311-fa8a33aabaff h1:W71vTCKoxtdXgnm1ECDFkfQnpdqAO00zzGXLA5yaEX8=
github.com/goki/freetype v0.0.0-20181231101311-fa8a33aabaff/go.mod h1:wfqRWLHRBsRgkp5dmbG56SA0DmVtwrF5N3oPdI8t+Aw=
golang.org/x/image v0.0.0-20210220032944-ac19c3e999fb h1:fqpd0EBDzlHRCjiphRR5Zo/RSWWQlWv34418dnEixWk=
golang.org/x/image v0.0.0-20210220032944-ac19c3e999fb/go.mod h1:FeLwcggjj3mMvU+oOTbSwawSJRM1uh48EjtB4UJZlP0=
golang.org/x/net v0.0.0-20210410081132-afb366fc7cd1 h1:4qWs8cYYH6PoEFy4dfhDFgoMGkwAcETd+MmPdCPMzUc=
golang.org/x/net v0.0.0-20210410081132-afb366fc7cd1/go.mod h1:9tjilg8BloeKEkVJvy7fQ90B1CfIiPueXVOjqfkSzI8=
golang.org/x/sys v0.0.0-20201119102817-f84b799fce68/go.mod h1:h1NjWce9XRLGQEsW7wpKNCjG9DtNlClVuFLEZdDNbEs=
golang.org/x/sys v0.0.0-20210330210617-4fbd30eecc44/go.mod h1:h1NjWce9XRLGQEsW7wpKNCjG9DtNlClVuFLEZdDNbEs=
golang.org/x/term v0.0.0-20201126162022-7de9c90e9dd1/go.mod h1:bj7SfCRtBDWHUb9snDiAeCFNEtKQo2Wmx5Cou7ajbmo=
golang.org/x/text v0.3.0/go.mod h1:NqM8EUOU14njkJ3fqMW+pc6Ldnwhi/IjpwHt7yyuwOQ=
golang.org/x/text v0.3.6/go.mod h1:5Zoc/QRtKVWzQhOtBMvqHzDpF6irO9z98xDceosuGiQ=
golang.org/x/tools v0.0.0-20180917221912-90fa682c2a6e/go.mod h1:n7NCudcB/nEzxVGmLbDWY5pfWTLqBcC2KZ6jyYvM4mQ=
